
Microsoft Visual Studio Solution File, Format Version 12.00
# Visual Studio Version 16
VisualStudioVersion = 16.0.29020.237
MinimumVisualStudioVersion = 10.0.40219.1
Project("{FAE04EC0-301F-11D3-BF4B-00C04F79EFBC}") = "BMO.GameDevUnity.CSharp2.Pract1", "BMO.GameDevUnity.CSharp2.Pract1\BMO.GameDevUnity.CSharp2.Pract1.csproj", "{2293603B-4AAE-47FB-A2B7-E04A43FED370}"
EndProject
Project("{FAE04EC0-301F-11D3-BF4B-00C04F79EFBC}") = "Workers", "Workers\Workers.csproj", "{C496A7F3-B372-404F-A307-452DBF475702}"
EndProject
Project("{FAE04EC0-301F-11D3-BF4B-00C04F79EFBC}") = "Delegates_Observer", "Delegates_Observer\Delegates_Observer.csproj", "{89ACC6B6-B8EF-492E-8142-64B4637654EF}"
EndProject
Project("{FAE04EC0-301F-11D3-BF4B-00C04F79EFBC}") = "CountElementsInList", "CountElementsInList\CountElementsInList.csproj", "{4D3223AF-0594-44A9-9255-D364A6B73821}"
EndProject
Project("{FAE04EC0-301F-11D3-BF4B-00C04F79EFBC}") = "DictionaryOrderBy", "DictionaryOrderBy\DictionaryOrderBy.csproj", "{CDFA8866-A215-45C6-A02C-1D6FFD2FD7AE}"
EndProject
Global
	GlobalSection(SolutionConfigurationPlatforms) = preSolution
		Debug|Any CPU = Debug|Any CPU
		Release|Any CPU = Release|Any CPU
	EndGlobalSection
	GlobalSection(ProjectConfigurationPlatforms) = postSolution
		{2293603B-4AAE-47FB-A2B7-E04A43FED370}.Debug|Any CPU.ActiveCfg = Debug|Any CPU
		{2293603B-4AAE-47FB-A2B7-E04A43FED370}.Debug|Any CPU.Build.0 = Debug|Any CPU
		{2293603B-4AAE-47FB-A2B7-E04A43FED370}.Release|Any CPU.ActiveCfg = Release|Any CPU
		{2293603B-4AAE-47FB-A2B7-E04A43FED370}.Release|Any CPU.Build.0 = Release|Any CPU
		{C496A7F3-B372-404F-A307-452DBF475702}.Debug|Any CPU.ActiveCfg = Debug|Any CPU
		{C496A7F3-B372-404F-A307-452DBF475702}.Debug|Any CPU.Build.0 = Debug|Any CPU
		{C496A7F3-B372-404F-A307-452DBF475702}.Release|Any CPU.ActiveCfg = Release|Any CPU
		{C496A7F3-B372-404F-A307-452DBF475702}.Release|Any CPU.Build.0 = Release|Any CPU
		{89ACC6B6-B8EF-492E-8142-64B4637654EF}.Debug|Any CPU.ActiveCfg = Debug|Any CPU
		{89ACC6B6-B8EF-492E-8142-64B4637654EF}.Debug|Any CPU.Build.0 = Debug|Any CPU
		{89ACC6B6-B8EF-492E-8142-64B4637654EF}.Release|Any CPU.ActiveCfg = Release|Any CPU
		{89ACC6B6-B8EF-492E-8142-64B4637654EF}.Release|Any CPU.Build.0 = Release|Any CPU
		{4D3223AF-0594-44A9-9255-D364A6B73821}.Debug|Any CPU.ActiveCfg = Debug|Any CPU
		{4D3223AF-0594-44A9-9255-D364A6B73821}.Debug|Any CPU.Build.0 = Debug|Any CPU
		{4D3223AF-0594-44A9-9255-D364A6B73821}.Release|Any CPU.ActiveCfg = Release|Any CPU
		{4D3223AF-0594-44A9-9255-D364A6B73821}.Release|Any CPU.Build.0 = Release|Any CPU
		{CDFA8866-A215-45C6-A02C-1D6FFD2FD7AE}.Debug|Any CPU.ActiveCfg = Debug|Any CPU
		{CDFA8866-A215-45C6-A02C-1D6FFD2FD7AE}.Debug|Any CPU.Build.0 = Debug|Any CPU
		{CDFA8866-A215-45C6-A02C-1D6FFD2FD7AE}.Release|Any CPU.ActiveCfg = Release|Any CPU
		{CDFA8866-A215-45C6-A02C-1D6FFD2FD7AE}.Release|Any CPU.Build.0 = Release|Any CPU
	EndGlobalSection
	GlobalSection(SolutionProperties) = preSolution
		HideSolutionNode = FALSE
	EndGlobalSection
	GlobalSection(ExtensibilityGlobals) = postSolution
		SolutionGuid = {3DD77F40-6935-4945-A8B8-86BC6B92BE86}
	EndGlobalSection
EndGlobal
