
Microsoft Visual Studio Solution File, Format Version 12.00
# Visual Studio Version 16
VisualStudioVersion = 16.0.29102.190
MinimumVisualStudioVersion = 10.0.40219.1
Project("{FAE04EC0-301F-11D3-BF4B-00C04F79EFBC}") = "BMO.GameDevUnity.CSharp2.Pract5", "BMO.GameDevUnity.CSharp2.Pract5\BMO.GameDevUnity.CSharp2.Pract5.csproj", "{0F072154-A440-4811-AECC-BF27E3E5F42B}"
EndProject
Global
	GlobalSection(SolutionConfigurationPlatforms) = preSolution
		Debug|Any CPU = Debug|Any CPU
		Release|Any CPU = Release|Any CPU
	EndGlobalSection
	GlobalSection(ProjectConfigurationPlatforms) = postSolution
		{0F072154-A440-4811-AECC-BF27E3E5F42B}.Debug|Any CPU.ActiveCfg = Debug|Any CPU
		{0F072154-A440-4811-AECC-BF27E3E5F42B}.Debug|Any CPU.Build.0 = Debug|Any CPU
		{0F072154-A440-4811-AECC-BF27E3E5F42B}.Release|Any CPU.ActiveCfg = Release|Any CPU
		{0F072154-A440-4811-AECC-BF27E3E5F42B}.Release|Any CPU.Build.0 = Release|Any CPU
	EndGlobalSection
	GlobalSection(SolutionProperties) = preSolution
		HideSolutionNode = FALSE
	EndGlobalSection
	GlobalSection(ExtensibilityGlobals) = postSolution
		SolutionGuid = {5E422380-0182-4051-AA57-735DD3EA21A0}
	EndGlobalSection
EndGlobal
